
Microsoft Visual Studio Solution File, Format Version 12.00
# Visual Studio 15
VisualStudioVersion = 15.0.26430.16
MinimumVisualStudioVersion = 10.0.40219.1
Project("{FAE04EC0-301F-11D3-BF4B-00C04F79EFBC}") = "AutoNumber", "AutoNumber\AutoNumber.csproj", "{56E63E6D-35E9-48B5-A549-1321610F197A}"
EndProject
Project("{FAE04EC0-301F-11D3-BF4B-00C04F79EFBC}") = "AutoNumber.WebResources", "AutoNumber.WebResources\AutoNumber.WebResources.csproj", "{68670149-40FE-4EA9-A624-572B2C595F69}"
EndProject
Global
	GlobalSection(SolutionConfigurationPlatforms) = preSolution
		Debug|Any CPU = Debug|Any CPU
		Release|Any CPU = Release|Any CPU
	EndGlobalSection
	GlobalSection(ProjectConfigurationPlatforms) = postSolution
		{56E63E6D-35E9-48B5-A549-1321610F197A}.Debug|Any CPU.ActiveCfg = Debug|Any CPU
		{56E63E6D-35E9-48B5-A549-1321610F197A}.Debug|Any CPU.Build.0 = Debug|Any CPU
		{56E63E6D-35E9-48B5-A549-1321610F197A}.Release|Any CPU.ActiveCfg = Release|Any CPU
		{56E63E6D-35E9-48B5-A549-1321610F197A}.Release|Any CPU.Build.0 = Release|Any CPU
		{68670149-40FE-4EA9-A624-572B2C595F69}.Debug|Any CPU.ActiveCfg = Debug|Any CPU
		{68670149-40FE-4EA9-A624-572B2C595F69}.Debug|Any CPU.Build.0 = Debug|Any CPU
		{68670149-40FE-4EA9-A624-572B2C595F69}.Release|Any CPU.ActiveCfg = Release|Any CPU
		{68670149-40FE-4EA9-A624-572B2C595F69}.Release|Any CPU.Build.0 = Release|Any CPU
	EndGlobalSection
	GlobalSection(SolutionProperties) = preSolution
		HideSolutionNode = FALSE
	EndGlobalSection
EndGlobal
